
Microsoft Visual Studio Solution File, Format Version 10.00
# Visual Studio 2008
Project("{8BC9CEB8-8B4A-11D0-8D11-00A0C91BC942}") = "capture", "capture.vcproj", "{F187DE4B-ACD1-4844-9685-87E0DCB48342}"
EndProject
Project("{8BC9CEB8-8B4A-11D0-8D11-00A0C91BC942}") = "test", "..\test\test.vcproj", "{95C2A056-777F-4CA8-AF10-96A81C7E195F}"
EndProject
Global
	GlobalSection(SolutionConfigurationPlatforms) = preSolution
		Debug|Win32 = Debug|Win32
		Release|Win32 = Release|Win32
	EndGlobalSection
	GlobalSection(ProjectConfigurationPlatforms) = postSolution
		{F187DE4B-ACD1-4844-9685-87E0DCB48342}.Debug|Win32.ActiveCfg = Debug|Win32
		{F187DE4B-ACD1-4844-9685-87E0DCB48342}.Debug|Win32.Build.0 = Debug|Win32
		{F187DE4B-ACD1-4844-9685-87E0DCB48342}.Release|Win32.ActiveCfg = Release|Win32
		{F187DE4B-ACD1-4844-9685-87E0DCB48342}.Release|Win32.Build.0 = Release|Win32
		{95C2A056-777F-4CA8-AF10-96A81C7E195F}.Debug|Win32.ActiveCfg = Debug|Win32
		{95C2A056-777F-4CA8-AF10-96A81C7E195F}.Debug|Win32.Build.0 = Debug|Win32
		{95C2A056-777F-4CA8-AF10-96A81C7E195F}.Release|Win32.ActiveCfg = Release|Win32
		{95C2A056-777F-4CA8-AF10-96A81C7E195F}.Release|Win32.Build.0 = Release|Win32
	EndGlobalSection
	GlobalSection(SolutionProperties) = preSolution
		HideSolutionNode = FALSE
	EndGlobalSection
EndGlobal
